
Microsoft Visual Studio Solution File, Format Version 12.00
# Visual Studio Version 17
VisualStudioVersion = 17.5.002.0
MinimumVisualStudioVersion = 10.0.40219.1
Project("{9A19103F-16F7-4668-BE54-9A1E7A4F7556}") = "SipStation", "SipStation.csproj", "{2A38164F-11D7-4C25-BBAB-150118B072AB}"
EndProject
Global
	GlobalSection(SolutionConfigurationPlatforms) = preSolution
		Debug|Any CPU = Debug|Any CPU
		Release|Any CPU = Release|Any CPU
	EndGlobalSection
	GlobalSection(ProjectConfigurationPlatforms) = postSolution
		{2A38164F-11D7-4C25-BBAB-150118B072AB}.Debug|Any CPU.ActiveCfg = Debug|Any CPU
		{2A38164F-11D7-4C25-BBAB-150118B072AB}.Debug|Any CPU.Build.0 = Debug|Any CPU
		{2A38164F-11D7-4C25-BBAB-150118B072AB}.Release|Any CPU.ActiveCfg = Release|Any CPU
		{2A38164F-11D7-4C25-BBAB-150118B072AB}.Release|Any CPU.Build.0 = Release|Any CPU
	EndGlobalSection
	GlobalSection(SolutionProperties) = preSolution
		HideSolutionNode = FALSE
	EndGlobalSection
	GlobalSection(ExtensibilityGlobals) = postSolution
		SolutionGuid = {53F387A7-2439-4914-8C58-281712E9F6B8}
	EndGlobalSection
EndGlobal
